{
  "version": "1.0.0",
  "lockfileVersion": 2,
  "workspaces": {
    "": {
      "name": "pantry",
      "dependencies": {
        "@cwcss/crosswind": "^0.2.6",
        "@stacksjs/stx": "^0.2.82",
        "@stacksjs/ts-cloud": "^0.7.26"
      },
      "devDependencies": {
        "@stacksjs/bumpx": "^0.2.10",
        "better-dx": "^0.2.15"
      }
    },
    "packages/action": {
      "name": "pantry-setup",
      "version": "0.10.56",
      "dependencies": {
        "@actions/cache": "^6.0.0",
        "@actions/core": "^1.11.1",
        "@actions/exec": "^1.1.1",
        "@actions/github": "^9.0.0",
        "@actions/glob": "^0.6.1",
        "@actions/tool-cache": "^2.0.1"
      },
      "devDependencies": {
        "better-dx": "^0.2.6"
      }
    },
    "packages/benchmark": {
      "name": "@pantry/benchmark",
      "version": "0.10.56",
      "devDependencies": {
        "mitata": "^1.0.34"
      }
    },
    "packages/inspector": {
      "name": "@stacksjs/pantry-inspector",
      "version": "0.10.56",
      "devDependencies": {
        "bun-types": "latest",
        "typescript": "^7.0.2"
      }
    },
    "packages/registry": {
      "name": "@stacksjs/registry",
      "version": "0.10.56",
      "dependencies": {
        "@stacksjs/stx": "^0.2.82",
        "@ts-charts/array": "^0.2.0",
        "@ts-charts/format": "^0.2.0",
        "@ts-charts/path": "^0.2.0",
        "@ts-charts/scale": "^0.2.0",
        "@ts-charts/shape": "^0.2.0"
      },
      "devDependencies": {
        "bun-types": "latest",
        "typescript": "^7.0.2"
      }
    },
    "packages/ts-pantry": {
      "name": "ts-pantry",
      "version": "0.10.56",
      "dependencies": {
        "@stacksjs/ts-cloud": "^0.7.26",
        "bunfig": "^0.15.6",
        "ts-web-scraper": "^0.1.1"
      },
      "devDependencies": {
        "@stacksjs/bunpress": "^0.1.6",
        "better-dx": "^0.2.6"
      }
    }
  },
  "packages": {
    "@actions/cache@6.2.0": {
      "name": "@actions/cache",
      "version": "6.2.0",
      "source": "npm",
      "resolved": "https://registry.npmjs.org/@actions/cache/-/cache-6.2.0.tgz",
      "integrity": "sha512-Nv0xWRmbxfDbAn/70flO/F6tj2Nv4XTYMAsQHiDFSojCDfso/Zni+fRKa14ToI9hnmOW/rQcY1WYb6wsM7Pgwg==",
      "dependencies": {
        "@actions/core": "^3.0.1",
        "@actions/exec": "^3.0.0",
        "@actions/glob": "^0.6.1",
        "@actions/http-client": "^4.0.1",
        "@actions/io": "^3.0.2",
        "@azure/core-rest-pipeline": "^1.23.0",
        "@azure/storage-blob": "^12.31.0",
        "@protobuf-ts/runtime-rpc": "^2.11.1",
        "semver": "^7.7.4"
      }
    },
    "@actions/core@1.11.1": {
      "name": "@actions/core",
      "version": "1.11.1",
      "source": "npm",
      "resolved": "https://registry.npmjs.org/@actions/core/-/core-1.11.1.tgz",
      "integrity": "sha512-hXJCSrkwfA46Vd9Z3q4cpEpHB1rL5NG04+/rbqW9d3+CSvtB1tYe8UTpAlixa1vj0m/ULglfEK2UKxMGxCxv5A==",
      "dependencies": {
        "@actions/exec": "^1.1.1",
        "@actions/http-client": "^2.0.1"
      }
    },
    "@actions/exec@1.1.1": {
      "name": "@actions/exec",
      "version": "1.1.1",
      "source": "npm",
      "resolved": "https://registry.npmjs.org/@actions/exec/-/exec-1.1.1.tgz",
      "integrity": "sha512-+sCcHHbVdk93a0XT19ECtO/gIXoxvdsgQLzb2fE2/5sIZmWQuluYyjPQtrtTHdU1YzTZ7bAPN4sITq2xi1679w==",
      "dependencies": {
        "@actions/io": "^1.0.1"
      }
    },
    "@actions/github@9.1.1": {
      "name": "@actions/github",
      "version": "9.1.1",
      "source": "npm",
      "resolved": "https://registry.npmjs.org/@actions/github/-/github-9.1.1.tgz",
      "integrity": "sha512-tL5JbYOBZHc0ngEnCsaDcryUizIUIlQyIMwy1Wkx93H5HzbBJ7TbiPx2PnFjBwZW0Vh05JmfFZhecE6gglYegA==",
      "dependencies": {
        "@actions/http-client": "^3.0.2",
        "@octokit/core": "^7.0.6",
        "@octokit/plugin-paginate-rest": "^14.0.0",
        "@octokit/plugin-rest-endpoint-methods": "^17.0.0",
        "@octokit/request": "^10.0.7",
        "@octokit/request-error": "^7.1.0",
        "undici": "^6.23.0"
      }
    },
    "@actions/glob@0.6.1": {
      "name": "@actions/glob",
      "version": "0.6.1",
      "source": "npm",
      "resolved": "https://registry.npmjs.org/@actions/glob/-/glob-0.6.1.tgz",
      "integrity": "sha512-K4+2Ac5ILcf2ySdJCha+Pop9NcKjxqCL4xL4zI50dgB2PbXgC0+AcP011xfH4Of6b4QEJJg8dyZYv7zl4byTsw==",
      "dependencies": {
        "@actions/core": "^3.0.0",
        "minimatch": "^3.0.4"
      }
    },
    "@actions/tool-cache@2.0.2": {
      "name": "@actions/tool-cache",
      "version": "2.0.2",
      "source": "npm",
      "resolved": "https://registry.npmjs.org/@actions/tool-cache/-/tool-cache-2.0.2.tgz",
      "integrity": "sha512-fBhNNOWxuoLxztQebpOaWu6WeVmuwa77Z+DxIZ1B+OYvGkGQon6kTVg6Z32Cb13WCuw0szqonK+hh03mJV7Z6w==",
      "dependencies": {
        "@actions/core": "^1.11.1",
        "@actions/exec": "^1.0.0",
        "@actions/http-client": "^2.0.1",
        "@actions/io": "^1.1.1",
        "semver": "^6.1.0"
      }
    },
    "@stacksjs/bunpress@0.1.18": {
      "name": "@stacksjs/bunpress",
      "version": "0.1.18",
      "source": "npm",
      "resolved": "https://registry.npmjs.org/@stacksjs/bunpress/-/bunpress-0.1.18.tgz",
      "integrity": "sha512-b64A9OvbIklYTP8PObP0ZMVO83+WA1Rsp2wBlFIWbq1qdpwfnnPsT1ZtYPyBcC8j40MMyqk1UhRGDS7Lxm8UDg==",
      "dependencies": {
        "@stacksjs/stx": "^0.2.82",
        "@stacksjs/ts-cloud": "^0.7.26",
        "@stacksjs/ts-md": "^0.1.1",
        "bunfig": "^0.15.6"
      },
      "bin": {
        "bunpress": "./dist/bin/cli.js"
      }
    },
    "@stacksjs/stx@0.2.99": {
      "name": "@stacksjs/stx",
      "version": "0.2.99",
      "source": "npm",
      "resolved": "https://registry.npmjs.org/@stacksjs/stx/-/stx-0.2.99.tgz",
      "integrity": "sha512-F4GuF4XXRLC7QEUQvcZkzj9yc27wDS0k44GQ7TAZzbu0Dxd4KxJsGw2PM4fgVc5Fi+C/v/tXXf9Dp9AnP7QV/w==",
      "dependencies": {
        "@cwcss/crosswind": "^0.2.6",
        "@stacksjs/clapp": "^0.2.0",
        "@stacksjs/sanitizer": "0.2.99",
        "@stacksjs/ts-i18n": "^0.1.11",
        "bun-plugin-stx": "0.2.99",
        "bunfig": "^0.15.15",
        "stx-router": "0.2.99",
        "ts-broadcasting": "^0.0.8",
        "ts-images": "^0.1.9",
        "ts-syntax-highlighter": "^0.2.1"
      },
      "bin": {
        "stx": "./dist/cli.js"
      }
    },
    "@stacksjs/ts-cloud@0.7.49": {
      "name": "@stacksjs/ts-cloud",
      "version": "0.7.49",
      "source": "npm",
      "resolved": "https://registry.npmjs.org/@stacksjs/ts-cloud/-/ts-cloud-0.7.49.tgz",
      "integrity": "sha512-b4KARdt9HDRmh7sy8gwLO+yLm379gv9Goe9SI29+Rpgx9hPFcooWK9gbwowQCZmRzmOBzajotyDt1/Bjrtotuw==",
      "dependencies": {
        "@stacksjs/ts-xml": "^0.1.0",
        "@ts-cloud/aws-types": "0.7.49",
        "@ts-cloud/core": "0.7.49"
      },
      "bin": {
        "cloud": "./dist/bin/cli.js"
      }
    },
    "@ts-charts/array@0.2.3": {
      "name": "@ts-charts/array",
      "version": "0.2.3",
      "source": "npm",
      "resolved": "https://registry.npmjs.org/@ts-charts/array/-/array-0.2.3.tgz",
      "integrity": "sha512-k50XO6jpEDmyjH0ois48hD9wqIrmiOm64GwlmjGHw69kof9E48VUYAxsKvTWRiMFPZMTcWtWFNmZoN/TqxPCNg==",
      "dependencies": {
        "@ts-charts/internmap": "0.2.3"
      }
    },
    "@ts-charts/format@0.2.3": {
      "name": "@ts-charts/format",
      "version": "0.2.3",
      "source": "npm",
      "resolved": "https://registry.npmjs.org/@ts-charts/format/-/format-0.2.3.tgz",
      "integrity": "sha512-mC0vNpWcljUC710UrVW0QuPHcw4mqoIEjYaRmTkKZLP340s2O4V8nrmOg97B0WHrG5IMnCT1jsZNCrRvTINPmA=="
    },
    "@ts-charts/path@0.2.3": {
      "name": "@ts-charts/path",
      "version": "0.2.3",
      "source": "npm",
      "resolved": "https://registry.npmjs.org/@ts-charts/path/-/path-0.2.3.tgz",
      "integrity": "sha512-gISOLggc56uVo4JzKyOWrt3VSoejgNdbDT4qduCpShlF2fMH65CCfi96xV6COiOmja6hS0Jz4wzreotF1LH5dw=="
    },
    "@ts-charts/scale@0.2.3": {
      "name": "@ts-charts/scale",
      "version": "0.2.3",
      "source": "npm",
      "resolved": "https://registry.npmjs.org/@ts-charts/scale/-/scale-0.2.3.tgz",
      "integrity": "sha512-NCkbbEFuZHqTK0Wv706ohVFt5l+Ra6XClbUH7VX3w8OAfLspl9lPZDjqcPz0SMCQyoczm2HAYgF1TvKxpQr93A==",
      "dependencies": {
        "@ts-charts/array": "0.2.3",
        "@ts-charts/format": "0.2.3",
        "@ts-charts/interpolate": "0.2.3",
        "@ts-charts/time": "0.2.3",
        "@ts-charts/time-format": "0.2.3"
      }
    },
    "@ts-charts/shape@0.2.3": {
      "name": "@ts-charts/shape",
      "version": "0.2.3",
      "source": "npm",
      "resolved": "https://registry.npmjs.org/@ts-charts/shape/-/shape-0.2.3.tgz",
      "integrity": "sha512-lMtARuicxbShTjuw5HClYEIj7SzH5gQCmZOPy+dT1nWYbiQXMJHCYZgoN78bYYuf23YZzvME8yOzwUogh3WnGw==",
      "dependencies": {
        "@ts-charts/path": "0.2.3"
      }
    },
    "better-dx@0.2.19": {
      "name": "better-dx",
      "version": "0.2.19",
      "source": "npm",
      "resolved": "https://registry.npmjs.org/better-dx/-/better-dx-0.2.19.tgz",
      "integrity": "sha512-4ZmFRxyDWshLY/fFYdXXfRA0YjONYUgws/6qd8xPjbQ5eRZ2FwzWO+hK7+fsZN5XcusHHPRz44TYVX1AznvR8g==",
      "dependencies": {
        "@stacksjs/bumpx": "^0.2.5",
        "@stacksjs/bunpress": "^0.1.4",
        "@stacksjs/clapp": "^0.2.6",
        "@stacksjs/clarity": "^0.3.28",
        "@stacksjs/gitlint": "^0.1.5",
        "@stacksjs/logsmith": "^0.2.1",
        "@types/bun": "^1.3.13",
        "buddy-bot": "^0.9.17",
        "bun-git-hooks": "^0.3.2",
        "bun-plugin-dtsx": "^0.10.6",
        "bunfig": "^0.15.11",
        "pickier": "^0.1.28",
        "ts-error-handling": "^0.1.1",
        "typescript": "^7.0.2"
      }
    },
    "bun-types@1.3.14-canary.20260425T142013": {
      "name": "bun-types",
      "version": "1.3.14-canary.20260425T142013",
      "source": "npm",
      "resolved": "https://registry.npmjs.org/bun-types/-/bun-types-1.3.14-canary.20260425T142013.tgz",
      "integrity": "sha512-4lJDRZhCnoHhVS2KfmXPaTDseW18dQNheT80ds24PF/kczbbdQ+bDvh22Qns7M0vd67EjvD8YFXZ4NmgOv4G0Q==",
      "dependencies": {
        "@types/node": "*"
      }
    },
    "bun.sh@1.3.14": {
      "name": "bun.sh",
      "version": "1.3.14",
      "source": "pantry"
    },
    "bunfig@0.15.15": {
      "name": "bunfig",
      "version": "0.15.15",
      "source": "npm",
      "resolved": "https://registry.npmjs.org/bunfig/-/bunfig-0.15.15.tgz",
      "integrity": "sha512-LEBk4M2WqwsJs7U9N5ZnEV6C9Oq74yhcF0VQj/dFBLWyxhDozH3xn4zxrJOFyTwYzYPn6AyDGtSnq2B05HrWZA==",
      "dependencies": {
        "@stacksjs/clapp": "^0.2.0",
        "@stacksjs/clarity": "^0.3.24"
      },
      "bin": {
        "bunfig": "./bin/cli.js"
      }
    },
    "mitata@1.0.34": {
      "name": "mitata",
      "version": "1.0.34",
      "source": "npm",
      "resolved": "https://registry.npmjs.org/mitata/-/mitata-1.0.34.tgz",
      "integrity": "sha512-Mc3zrtNBKIMeHSCQ0XqRLo1vbdIx1wvFV9c8NJAiyho6AjNfMY8bVhbS12bwciUdd1t4rj8099CH3N3NFahaUA=="
    },
    "ts-web-scraper@0.1.4": {
      "name": "ts-web-scraper",
      "version": "0.1.4",
      "source": "npm",
      "resolved": "https://registry.npmjs.org/ts-web-scraper/-/ts-web-scraper-0.1.4.tgz",
      "integrity": "sha512-hxZDU4A4n7j3R0tZSDYw294S6v4a7TmpkBdUBvSp6UozyoQzceKQ/uiwmrIsMU1s+daTo01l+1QUeoRtl70/Rg==",
      "dependencies": {
        "bunfig": "^0.15.14"
      },
      "bin": {
        "scraper": "./dist/bin/cli.js"
      }
    },
    "typescript@7.0.2": {
      "name": "typescript",
      "version": "7.0.2",
      "source": "npm",
      "resolved": "https://registry.npmjs.org/typescript/-/typescript-7.0.2.tgz",
      "integrity": "sha512-8FYau96o3NKOhbjKi/qNvG/W5jhzxkbdm5sj9AbZ/5T5sWqn3hJgLfGx27sRKZWTvyzCP8dLRBTf5tBTSRVUNA==",
      "bin": {
        "tsc": "./bin/tsc"
      }
    },
    "zig-bump@15ddba7d124d32dbb7884dd74ec942baced2d6bf": {
      "name": "zig-bump",
      "version": "15ddba7d124d32dbb7884dd74ec942baced2d6bf",
      "source": "github"
    },
    "zig-cli@4629d10a7e8aa6de9c26996109138683235a2273": {
      "name": "zig-cli",
      "version": "4629d10a7e8aa6de9c26996109138683235a2273",
      "source": "github"
    },
    "zig-config@f2feb1fdc262be4b8dc14d63113024ce0ab89927": {
      "name": "zig-config",
      "version": "f2feb1fdc262be4b8dc14d63113024ce0ab89927",
      "source": "github"
    },
    "zig-test-framework@c149e957e3989bdb8f9148a161f6eef4ae63d75e": {
      "name": "zig-test-framework",
      "version": "c149e957e3989bdb8f9148a161f6eef4ae63d75e",
      "source": "github"
    },
    "ziglang.org@0.17.0-dev.1441_d5181a9c9": {
      "name": "ziglang.org",
      "version": "0.17.0-dev.1441_d5181a9c9",
      "source": "pantry"
    }
  }
}
